
Microsoft Visual Studio Solution File, Format Version 12.00
# Visual Studio Version 17
VisualStudioVersion = 17.5.33414.496
MinimumVisualStudioVersion = 10.0.40219.1
Project("{FAE04EC0-301F-11D3-BF4B-00C04F79EFBC}") = "Blazor", "Blazor\Blazor.csproj", "{D084E604-9F19-47B8-A0B4-272F885C6E6B}"
EndProject
Global
	GlobalSection(SolutionConfigurationPlatforms) = preSolution
		Debug|Any CPU = Debug|Any CPU
		Release|Any CPU = Release|Any CPU
	EndGlobalSection
	GlobalSection(ProjectConfigurationPlatforms) = postSolution
		{D084E604-9F19-47B8-A0B4-272F885C6E6B}.Debug|Any CPU.ActiveCfg = Debug|Any CPU
		{D084E604-9F19-47B8-A0B4-272F885C6E6B}.Debug|Any CPU.Build.0 = Debug|Any CPU
		{D084E604-9F19-47B8-A0B4-272F885C6E6B}.Release|Any CPU.ActiveCfg = Release|Any CPU
		{D084E604-9F19-47B8-A0B4-272F885C6E6B}.Release|Any CPU.Build.0 = Release|Any CPU
	EndGlobalSection
	GlobalSection(SolutionProperties) = preSolution
		HideSolutionNode = FALSE
	EndGlobalSection
	GlobalSection(ExtensibilityGlobals) = postSolution
		SolutionGuid = {55B2F2BF-5814-4789-9D66-9D76D564E58C}
	EndGlobalSection
EndGlobal
